{
  "name": "NASA Sensor Suite Site",
  "lockfileVersion": 2,
  "requires": true,
  "packages": {
    "": {
      "dependencies": {
        "leaflet": "^1.8.0",
        "leaflet.heat": "^0.2.0"
      }
    },
    "node_modules/leaflet": {
      "version": "1.8.0",
      "resolved": "https://registry.npmjs.org/leaflet/-/leaflet-1.8.0.tgz",
      "integrity": "sha512-gwhMjFCQiYs3x/Sf+d49f10ERXaEFCPr+nVTryhAW8DWbMGqJqt9G4XuIaHmFW08zYvhgdzqXGr8AlW8v8dQkA=="
    },
    "node_modules/leaflet.heat": {
      "version": "0.2.0",
      "resolved": "https://registry.npmjs.org/leaflet.heat/-/leaflet.heat-0.2.0.tgz",
      "integrity": "sha512-Cd5PbAA/rX3X3XKxfDoUGi9qp78FyhWYurFg3nsfhntcM/MCNK08pRkf4iEenO1KNqwVPKCmkyktjW3UD+h9bQ=="
    }
  },
  "dependencies": {
    "leaflet": {
      "version": "1.8.0",
      "resolved": "https://registry.npmjs.org/leaflet/-/leaflet-1.8.0.tgz",
      "integrity": "sha512-gwhMjFCQiYs3x/Sf+d49f10ERXaEFCPr+nVTryhAW8DWbMGqJqt9G4XuIaHmFW08zYvhgdzqXGr8AlW8v8dQkA=="
    },
    "leaflet.heat": {
      "version": "0.2.0",
      "resolved": "https://registry.npmjs.org/leaflet.heat/-/leaflet.heat-0.2.0.tgz",
      "integrity": "sha512-Cd5PbAA/rX3X3XKxfDoUGi9qp78FyhWYurFg3nsfhntcM/MCNK08pRkf4iEenO1KNqwVPKCmkyktjW3UD+h9bQ=="
    }
  }
}
